
Microsoft Visual Studio Solution File, Format Version 12.00
# Visual Studio 15
VisualStudioVersion = 15.0.26430.16
MinimumVisualStudioVersion = 10.0.40219.1
Project("{2150E333-8FDC-42A3-9474-1A3956D46DE8}") = "Components", "Components", "{215BD6A0-A362-4346-BA08-B30A6826377B}"
EndProject
Project("{2150E333-8FDC-42A3-9474-1A3956D46DE8}") = "Platform", "Platform", "{FA482155-8CCA-4BB7-BC89-3B671DCA4BFE}"
EndProject
Project("{9A19103F-16F7-4668-BE54-9A1E7A4F7556}") = "Tilluke.Platform", "Tilluke.Platform\Tilluke.Platform.csproj", "{943FEAC7-AC21-4B5F-B1B1-E0803AE79F86}"
EndProject
Project("{FAE04EC0-301F-11D3-BF4B-00C04F79EFBC}") = "Tilluke.Backups", "Tilluke.Backups\Tilluke.Backups.csproj", "{D77F8D57-7CB8-4D82-870B-D0B513A02075}"
EndProject
Project("{FAE04EC0-301F-11D3-BF4B-00C04F79EFBC}") = "Tilluke.Hub", "Tilluke.Hub\Tilluke.Hub.csproj", "{19820A26-C76A-4145-8487-0CC70512ED74}"
EndProject
Project("{FAE04EC0-301F-11D3-BF4B-00C04F79EFBC}") = "Tilluke.EventStore", "Tilluke.EventStore\Tilluke.EventStore.csproj", "{849CDF05-19C8-41F6-8239-A2A5CAF2405B}"
EndProject
Global
	GlobalSection(SolutionConfigurationPlatforms) = preSolution
		Debug|Any CPU = Debug|Any CPU
		Release|Any CPU = Release|Any CPU
	EndGlobalSection
	GlobalSection(ProjectConfigurationPlatforms) = postSolution
		{943FEAC7-AC21-4B5F-B1B1-E0803AE79F86}.Debug|Any CPU.ActiveCfg = Debug|Any CPU
		{943FEAC7-AC21-4B5F-B1B1-E0803AE79F86}.Debug|Any CPU.Build.0 = Debug|Any CPU
		{943FEAC7-AC21-4B5F-B1B1-E0803AE79F86}.Release|Any CPU.ActiveCfg = Release|Any CPU
		{943FEAC7-AC21-4B5F-B1B1-E0803AE79F86}.Release|Any CPU.Build.0 = Release|Any CPU
		{D77F8D57-7CB8-4D82-870B-D0B513A02075}.Debug|Any CPU.ActiveCfg = Debug|Any CPU
		{D77F8D57-7CB8-4D82-870B-D0B513A02075}.Debug|Any CPU.Build.0 = Debug|Any CPU
		{D77F8D57-7CB8-4D82-870B-D0B513A02075}.Release|Any CPU.ActiveCfg = Release|Any CPU
		{D77F8D57-7CB8-4D82-870B-D0B513A02075}.Release|Any CPU.Build.0 = Release|Any CPU
		{19820A26-C76A-4145-8487-0CC70512ED74}.Debug|Any CPU.ActiveCfg = Debug|Any CPU
		{19820A26-C76A-4145-8487-0CC70512ED74}.Debug|Any CPU.Build.0 = Debug|Any CPU
		{19820A26-C76A-4145-8487-0CC70512ED74}.Release|Any CPU.ActiveCfg = Release|Any CPU
		{19820A26-C76A-4145-8487-0CC70512ED74}.Release|Any CPU.Build.0 = Release|Any CPU
		{849CDF05-19C8-41F6-8239-A2A5CAF2405B}.Debug|Any CPU.ActiveCfg = Debug|Any CPU
		{849CDF05-19C8-41F6-8239-A2A5CAF2405B}.Debug|Any CPU.Build.0 = Debug|Any CPU
		{849CDF05-19C8-41F6-8239-A2A5CAF2405B}.Release|Any CPU.ActiveCfg = Release|Any CPU
		{849CDF05-19C8-41F6-8239-A2A5CAF2405B}.Release|Any CPU.Build.0 = Release|Any CPU
	EndGlobalSection
	GlobalSection(SolutionProperties) = preSolution
		HideSolutionNode = FALSE
	EndGlobalSection
	GlobalSection(NestedProjects) = preSolution
		{943FEAC7-AC21-4B5F-B1B1-E0803AE79F86} = {FA482155-8CCA-4BB7-BC89-3B671DCA4BFE}
		{19820A26-C76A-4145-8487-0CC70512ED74} = {215BD6A0-A362-4346-BA08-B30A6826377B}
		{849CDF05-19C8-41F6-8239-A2A5CAF2405B} = {215BD6A0-A362-4346-BA08-B30A6826377B}
	EndGlobalSection
EndGlobal
